// !$*UTF8*$!
{
	archiveVersion = 1;
	classes = {
	};
	objectVersion = 48;
	objects = {

/* Begin PBXBuildFile section */
		27A4AB2720159B5600B561A8 /* AppDelegate.swift in Sources */ = {isa = PBXBuildFile; fileRef = 27A4AB2620159B5600B561A8 /* AppDelegate.swift */; };
		27A4AB2920159B5600B561A8 /* ViewController.swift in Sources */ = {isa = PBXBuildFile; fileRef = 27A4AB2820159B5600B561A8 /* ViewController.swift */; };
		27A4AB2C20159B5600B561A8 /* Main.storyboard in Resources */ = {isa = PBXBuildFile; fileRef = 27A4AB2A20159B5600B561A8 /* Main.storyboard */; };
		27A4AB2E20159B5600B561A8 /* Assets.xcassets in Resources */ = {isa = PBXBuildFile; fileRef = 27A4AB2D20159B5600B561A8 /* Assets.xcassets */; };
		27A4AB3120159B5600B561A8 /* LaunchScreen.storyboard in Resources */ = {isa = PBXBuildFile; fileRef = 27A4AB2F20159B5600B561A8 /* LaunchScreen.storyboard */; };
		27A4AB3920159CAE00B561A8 /* TouchPointGesture.swift in Sources */ = {isa = PBXBuildFile; fileRef = 27A4AB3820159CAE00B561A8 /* TouchPointGesture.swift */; };
/* End PBXBuildFile section */

/* Begin PBXFileReference section */
		27A4AB2320159B5600B561A8 /* TouchPoint.app */ = {isa = PBXFileReference; explicitFileType = wrapper.application; includeInIndex = 0; path = TouchPoint.app; sourceTree = BUILT_PRODUCTS_DIR; };
		27A4AB2620159B5600B561A8 /* AppDelegate.swift */ = {isa = PBXFileReference; lastKnownFileType = sourcecode.swift; path = AppDelegate.swift; sourceTree = "<group>"; };
		27A4AB2820159B5600B561A8 /* ViewController.swift */ = {isa = PBXFileReference; lastKnownFileType = sourcecode.swift; path = ViewController.swift; sourceTree = "<group>"; };
		27A4AB2B20159B5600B561A8 /* Base */ = {isa = PBXFileReference; lastKnownFileType = file.storyboard; name = Base; path = Base.lproj/Main.storyboard; sourceTree = "<group>"; };
		27A4AB2D20159B5600B561A8 /* Assets.xcassets */ = {isa = PBXFileReference; lastKnownFileType = folder.assetcatalog; path = Assets.xcassets; sourceTree = "<group>"; };
		27A4AB3020159B5600B561A8 /* Base */ = {isa = PBXFileReference; lastKnownFileType = file.storyboard; name = Base; path = Base.lproj/LaunchScreen.storyboard; sourceTree = "<group>"; };
		27A4AB3220159B5600B561A8 /* Info.plist */ = {isa = PBXFileReference; lastKnownFileType = text.plist.xml; path = Info.plist; sourceTree = "<group>"; };
		27A4AB3820159CAE00B561A8 /* TouchPointGesture.swift */ = {isa = PBXFileReference; lastKnownFileType = sourcecode.swift; path = TouchPointGesture.swift; sourceTree = "<group>"; };
/* End PBXFileReference section */

/* Begin PBXFrameworksBuildPhase section */
		27A4AB2020159B5600B561A8 /* Frameworks */ = {
			isa = PBXFrameworksBuildPhase;
			buildActionMask = 2147483647;
			files = (
			);
			runOnlyForDeploymentPostprocessing = 0;
		};
/* End PBXFrameworksBuildPhase section */

/* Begin PBXGroup section */
		27A4AB1A20159B5600B561A8 = {
			isa = PBXGroup;
			children = (
				27A4AB2520159B5600B561A8 /* TouchPoint */,
				27A4AB2420159B5600B561A8 /* Products */,
			);
			sourceTree = "<group>";
		};
		27A4AB2420159B5600B561A8 /* Products */ = {
			isa = PBXGroup;
			children = (
				27A4AB2320159B5600B561A8 /* TouchPoint.app */,
			);
			name = Products;
			sourceTree = "<group>";
		};
		27A4AB2520159B5600B561A8 /* TouchPoint */ = {
			isa = PBXGroup;
			children = (
				27A4AB2620159B5600B561A8 /* AppDelegate.swift */,
				27A4AB2820159B5600B561A8 /* ViewController.swift */,
				27A4AB3820159CAE00B561A8 /* TouchPointGesture.swift */,
				27A4AB2A20159B5600B561A8 /* Main.storyboard */,
				27A4AB2D20159B5600B561A8 /* Assets.xcassets */,
				27A4AB2F20159B5600B561A8 /* LaunchScreen.storyboard */,
				27A4AB3220159B5600B561A8 /* Info.plist */,
			);
			path = TouchPoint;
			sourceTree = "<group>";
		};
/* End PBXGroup section */

/* Begin PBXNativeTarget section */
		27A4AB2220159B5600B561A8 /* TouchPoint */ = {
			isa = PBXNativeTarget;
			buildConfigurationList = 27A4AB3520159B5600B561A8 /* Build configuration list for PBXNativeTarget "TouchPoint" */;
			buildPhases = (
				27A4AB1F20159B5600B561A8 /* Sources */,
				27A4AB2020159B5600B561A8 /* Frameworks */,
				27A4AB2120159B5600B561A8 /* Resources */,
			);
			buildRules = (
			);
			dependencies = (
			);
			name = TouchPoint;
			productName = TouchPoint;
			productReference = 27A4AB2320159B5600B561A8 /* TouchPoint.app */;
			productType = "com.apple.product-type.application";
		};
/* End PBXNativeTarget section */

/* Begin PBXProject section */
		27A4AB1B20159B5600B561A8 /* Project object */ = {
			isa = PBXProject;
			attributes = {
				LastSwiftUpdateCheck = 0920;
				LastUpgradeCheck = 0920;
				ORGANIZATIONNAME = ruoyi;
				TargetAttributes = {
					27A4AB2220159B5600B561A8 = {
						CreatedOnToolsVersion = 9.2;
						ProvisioningStyle = Automatic;
					};
				};
			};
			buildConfigurationList = 27A4AB1E20159B5600B561A8 /* Build configuration list for PBXProject "TouchPoint" */;
			compatibilityVersion = "Xcode 8.0";
			developmentRegion = en;
			hasScannedForEncodings = 0;
			knownRegions = (
				en,
				Base,
			);
			mainGroup = 27A4AB1A20159B5600B561A8;
			productRefGroup = 27A4AB2420159B5600B561A8 /* Products */;
			projectDirPath = "";
			projectRoot = "";
			targets = (
				27A4AB2220159B5600B561A8 /* TouchPoint */,
			);
		};
/* End PBXProject section */

/* Begin PBXResourcesBuildPhase section */
		27A4AB2120159B5600B561A8 /* Resources */ = {
			isa = PBXResourcesBuildPhase;
			buildActionMask = 2147483647;
			files = (
				27A4AB3120159B5600B561A8 /* LaunchScreen.storyboard in Resources */,
				27A4AB2E20159B5600B561A8 /* Assets.xcassets in Resources */,
				27A4AB2C20159B5600B561A8 /* Main.storyboard in Resources */,
			);
			runOnlyForDeploymentPostprocessing = 0;
		};
/* End PBXResourcesBuildPhase section */

/* Begin PBXSourcesBuildPhase section */
		27A4AB1F20159B5600B561A8 /* Sources */ = {
			isa = PBXSourcesBuildPhase;
			buildActionMask = 2147483647;
			files = (
				27A4AB2920159B5600B561A8 /* ViewController.swift in Sources */,
				27A4AB3920159CAE00B561A8 /* TouchPointGesture.swift in Sources */,
				27A4AB2720159B5600B561A8 /* AppDelegate.swift in Sources */,
			);
			runOnlyForDeploymentPostprocessing = 0;
		};
/* End PBXSourcesBuildPhase section */

/* Begin PBXVariantGroup section */
		27A4AB2A20159B5600B561A8 /* Main.storyboard */ = {
			isa = PBXVariantGroup;
			children = (
				27A4AB2B20159B5600B561A8 /* Base */,
			);
			name = Main.storyboard;
			sourceTree = "<group>";
		};
		27A4AB2F20159B5600B561A8 /* LaunchScreen.storyboard */ = {
			isa = PBXVariantGroup;
			children = (
				27A4AB3020159B5600B561A8 /* Base */,
			);
			name = LaunchScreen.storyboard;
			sourceTree = "<group>";
		};
/* End PBXVariantGroup section */

/* Begin XCBuildConfiguration section */
		27A4AB3320159B5600B561A8 /* Debug */ = {
			isa = XCBuildConfiguration;
			buildSettings = {
				ALWAYS_SEARCH_USER_PATHS = NO;
				CLANG_ANALYZER_NONNULL = YES;
				CLANG_ANALYZER_NUMBER_OBJECT_CONVERSION = YES_AGGRESSIVE;
				CLANG_CXX_LANGUAGE_STANDARD = "gnu++14";
				CLANG_CXX_LIBRARY = "libc++";
				CLANG_ENABLE_MODULES = YES;
				CLANG_ENABLE_OBJC_ARC = YES;
				CLANG_WARN_BLOCK_CAPTURE_AUTORELEASING = YES;
				CLANG_WARN_BOOL_CONVERSION = YES;
				CLANG_WARN_COMMA = YES;
				CLANG_WARN_CONSTANT_CONVERSION = YES;
				CLANG_WARN_DIRECT_OBJC_ISA_USAGE = YES_ERROR;
				CLANG_WARN_DOCUMENTATION_COMMENTS = YES;
				CLANG_WARN_EMPTY_BODY = YES;
				CLANG_WARN_ENUM_CONVERSION = YES;
				CLANG_WARN_INFINITE_RECURSION = YES;
				CLANG_WARN_INT_CONVERSION = YES;
				CLANG_WARN_NON_LITERAL_NULL_CONVERSION = YES;
				CLANG_WARN_OBJC_LITERAL_CONVERSION = YES;
				CLANG_WARN_OBJC_ROOT_CLASS = YES_ERROR;
				CLANG_WARN_RANGE_LOOP_ANALYSIS = YES;
				CLANG_WARN_STRICT_PROTOTYPES = YES;
				CLANG_WARN_SUSPICIOUS_MOVE = YES;
				CLANG_WARN_UNGUARDED_AVAILABILITY = YES_AGGRESSIVE;
				CLANG_WARN_UNREACHABLE_CODE = YES;
				CLANG_WARN__DUPLICATE_METHOD_MATCH = YES;
				CODE_SIGN_IDENTITY = "iPhone Developer";
				COPY_PHASE_STRIP = NO;
				DEBUG_INFORMATION_FORMAT = dwarf;
				ENABLE_STRICT_OBJC_MSGSEND = YES;
				ENABLE_TESTABILITY = YES;
				GCC_C_LANGUAGE_STANDARD = gnu11;
				GCC_DYNAMIC_NO_PIC = NO;
				GCC_NO_COMMON_BLOCKS = YES;
				GCC_OPTIMIZATION_LEVEL = 0;
				GCC_PREPROCESSOR_DEFINITIONS = (
					"DEBUG=1",
					"$(inherited)",
				);
				GCC_WARN_64_TO_32_BIT_CONVERSION = YES;
				GCC_WARN_ABOUT_RETURN_TYPE = YES_ERROR;
				GCC_WARN_UNDECLARED_SELECTOR = YES;
				GCC_WARN_UNINITIALIZED_AUTOS = YES_AGGRESSIVE;
				GCC_WARN_UNUSED_FUNCTION = YES;
				GCC_WARN_UNUSED_VARIABLE = YES;
				IPHONEOS_DEPLOYMENT_TARGET = 11.2;
				MTL_ENABLE_DEBUG_INFO = YES;
				ONLY_ACTIVE_ARCH = YES;
				SDKROOT = iphoneos;
				SWIFT_ACTIVE_COMPILATION_CONDITIONS = DEBUG;
				SWIFT_OPTIMIZATION_LEVEL = "-Onone";
			};
			name = Debug;
		};
		27A4AB3420159B5600B561A8 /* Release */ = {
			isa = XCBuildConfiguration;
			buildSettings = {
				ALWAYS_SEARCH_USER_PATHS = NO;
				CLANG_ANALYZER_NONNULL = YES;
				CLANG_ANALYZER_NUMBER_OBJECT_CONVERSION = YES_AGGRESSIVE;
				CLANG_CXX_LANGUAGE_STANDARD = "gnu++14";
				CLANG_CXX_LIBRARY = "libc++";
				CLANG_ENABLE_MODULES = YES;
				CLANG_ENABLE_OBJC_ARC = YES;
				CLANG_WARN_BLOCK_CAPTURE_AUTORELEASING = YES;
				CLANG_WARN_BOOL_CONVERSION = YES;
				CLANG_WARN_COMMA = YES;
				CLANG_WARN_CONSTANT_CONVERSION = YES;
				CLANG_WARN_DIRECT_OBJC_ISA_USAGE = YES_ERROR;
				CLANG_WARN_DOCUMENTATION_COMMENTS = YES;
				CLANG_WARN_EMPTY_BODY = YES;
				CLANG_WARN_ENUM_CONVERSION = YES;
				CLANG_WARN_INFINITE_RECURSION = YES;
				CLANG_WARN_INT_CONVERSION = YES;
				CLANG_WARN_NON_LITERAL_NULL_CONVERSION = YES;
				CLANG_WARN_OBJC_LITERAL_CONVERSION = YES;
				CLANG_WARN_OBJC_ROOT_CLASS = YES_ERROR;
				CLANG_WARN_RANGE_LOOP_ANALYSIS = YES;
				CLANG_WARN_STRICT_PROTOTYPES = YES;
				CLANG_WARN_SUSPICIOUS_MOVE = YES;
				CLANG_WARN_UNGUARDED_AVAILABILITY = YES_AGGRESSIVE;
				CLANG_WARN_UNREACHABLE_CODE = YES;
				CLANG_WARN__DUPLICATE_METHOD_MATCH = YES;
				CODE_SIGN_IDENTITY = "iPhone Developer";
				COPY_PHASE_STRIP = NO;
				DEBUG_INFORMATION_FORMAT = "dwarf-with-dsym";
				ENABLE_NS_ASSERTIONS = NO;
				ENABLE_STRICT_OBJC_MSGSEND = YES;
				GCC_C_LANGUAGE_STANDARD = gnu11;
				GCC_NO_COMMON_BLOCKS = YES;
				GCC_WARN_64_TO_32_BIT_CONVERSION = YES;
				GCC_WARN_ABOUT_RETURN_TYPE = YES_ERROR;
				GCC_WARN_UNDECLARED_SELECTOR = YES;
				GCC_WARN_UNINITIALIZED_AUTOS = YES_AGGRESSIVE;
				GCC_WARN_UNUSED_FUNCTION = YES;
				GCC_WARN_UNUSED_VARIABLE = YES;
				IPHONEOS_DEPLOYMENT_TARGET = 11.2;
				MTL_ENABLE_DEBUG_INFO = NO;
				SDKROOT = iphoneos;
				SWIFT_OPTIMIZATION_LEVEL = "-Owholemodule";
				VALIDATE_PRODUCT = YES;
			};
			name = Release;
		};
		27A4AB3620159B5600B561A8 /* Debug */ = {
			isa = XCBuildConfiguration;
			buildSettings = {
				ASSETCATALOG_COMPILER_APPICON_NAME = AppIcon;
				"CODE_SIGN_IDENTITY[sdk=iphoneos*]" = "iPhone Developer";
				CODE_SIGN_STYLE = Automatic;
				DEVELOPMENT_TEAM = D3VSM5U63M;
				INFOPLIST_FILE = TouchPoint/Info.plist;
				LD_RUNPATH_SEARCH_PATHS = "$(inherited) @executable_path/Frameworks";
				PRODUCT_BUNDLE_IDENTIFIER = com.TouchPoint;
				PRODUCT_NAME = "$(TARGET_NAME)";
				PROVISIONING_PROFILE_SPECIFIER = "";
				SWIFT_VERSION = 4.0;
				TARGETED_DEVICE_FAMILY = "1,2";
			};
			name = Debug;
		};
		27A4AB3720159B5600B561A8 /* Release */ = {
			isa = XCBuildConfiguration;
			buildSettings = {
				ASSETCATALOG_COMPILER_APPICON_NAME = AppIcon;
				"CODE_SIGN_IDENTITY[sdk=iphoneos*]" = "iPhone Developer";
				CODE_SIGN_STYLE = Automatic;
				DEVELOPMENT_TEAM = D3VSM5U63M;
				INFOPLIST_FILE = TouchPoint/Info.plist;
				LD_RUNPATH_SEARCH_PATHS = "$(inherited) @executable_path/Frameworks";
				PRODUCT_BUNDLE_IDENTIFIER = com.TouchPoint;
				PRODUCT_NAME = "$(TARGET_NAME)";
				PROVISIONING_PROFILE_SPECIFIER = "";
				SWIFT_VERSION = 4.0;
				TARGETED_DEVICE_FAMILY = "1,2";
			};
			name = Release;
		};
/* End XCBuildConfiguration section */

/* Begin XCConfigurationList section */
		27A4AB1E20159B5600B561A8 /* Build configuration list for PBXProject "TouchPoint" */ = {
			isa = XCConfigurationList;
			buildConfigurations = (
				27A4AB3320159B5600B561A8 /* Debug */,
				27A4AB3420159B5600B561A8 /* Release */,
			);
			defaultConfigurationIsVisible = 0;
			defaultConfigurationName = Release;
		};
		27A4AB3520159B5600B561A8 /* Build configuration list for PBXNativeTarget "TouchPoint" */ = {
			isa = XCConfigurationList;
			buildConfigurations = (
				27A4AB3620159B5600B561A8 /* Debug */,
				27A4AB3720159B5600B561A8 /* Release */,
			);
			defaultConfigurationIsVisible = 0;
			defaultConfigurationName = Release;
		};
/* End XCConfigurationList section */
	};
	rootObject = 27A4AB1B20159B5600B561A8 /* Project object */;
}
